
Microsoft Visual Studio Solution File, Format Version 11.00
# Visual Studio 2010
Project("{FAE04EC0-301F-11D3-BF4B-00C04F79EFBC}") = "Spletno_racunanje", "Spletno_racunanje\Spletno_racunanje.csproj", "{4B1BA3C8-CAE9-4A52-A804-D20A33E7F3AF}"
EndProject
Project("{FAE04EC0-301F-11D3-BF4B-00C04F79EFBC}") = "Spletno_racunanje.Web", "Spletno_racunanje.Web\Spletno_racunanje.Web.csproj", "{5733770D-0217-415A-B1A5-D9C1BF34B2F1}"
EndProject
Global
	GlobalSection(SolutionConfigurationPlatforms) = preSolution
		Debug|Any CPU = Debug|Any CPU
		Release|Any CPU = Release|Any CPU
	EndGlobalSection
	GlobalSection(ProjectConfigurationPlatforms) = postSolution
		{4B1BA3C8-CAE9-4A52-A804-D20A33E7F3AF}.Debug|Any CPU.ActiveCfg = Debug|Any CPU
		{4B1BA3C8-CAE9-4A52-A804-D20A33E7F3AF}.Debug|Any CPU.Build.0 = Debug|Any CPU
		{4B1BA3C8-CAE9-4A52-A804-D20A33E7F3AF}.Release|Any CPU.ActiveCfg = Release|Any CPU
		{4B1BA3C8-CAE9-4A52-A804-D20A33E7F3AF}.Release|Any CPU.Build.0 = Release|Any CPU
		{5733770D-0217-415A-B1A5-D9C1BF34B2F1}.Debug|Any CPU.ActiveCfg = Debug|Any CPU
		{5733770D-0217-415A-B1A5-D9C1BF34B2F1}.Debug|Any CPU.Build.0 = Debug|Any CPU
		{5733770D-0217-415A-B1A5-D9C1BF34B2F1}.Release|Any CPU.ActiveCfg = Release|Any CPU
		{5733770D-0217-415A-B1A5-D9C1BF34B2F1}.Release|Any CPU.Build.0 = Release|Any CPU
	EndGlobalSection
	GlobalSection(SolutionProperties) = preSolution
		HideSolutionNode = FALSE
	EndGlobalSection
EndGlobal
