
Microsoft Visual Studio Solution File, Format Version 11.00
# Visual Studio 2010
Project("{FAE04EC0-301F-11D3-BF4B-00C04F79EFBC}") = "SilverlightApplication1", "SilverlightApplication1\SilverlightApplication1.csproj", "{9328CEDB-16EE-45AB-BEFB-44B7EDDA89BF}"
EndProject
Project("{FAE04EC0-301F-11D3-BF4B-00C04F79EFBC}") = "SilverlightApplication1.Web", "SilverlightApplication1.Web\SilverlightApplication1.Web.csproj", "{68087E5F-BA35-43F6-89BF-946B8BECC9E2}"
EndProject
Global
	GlobalSection(SolutionConfigurationPlatforms) = preSolution
		Debug|Any CPU = Debug|Any CPU
		Release|Any CPU = Release|Any CPU
	EndGlobalSection
	GlobalSection(ProjectConfigurationPlatforms) = postSolution
		{9328CEDB-16EE-45AB-BEFB-44B7EDDA89BF}.Debug|Any CPU.ActiveCfg = Debug|Any CPU
		{9328CEDB-16EE-45AB-BEFB-44B7EDDA89BF}.Debug|Any CPU.Build.0 = Debug|Any CPU
		{9328CEDB-16EE-45AB-BEFB-44B7EDDA89BF}.Release|Any CPU.ActiveCfg = Release|Any CPU
		{9328CEDB-16EE-45AB-BEFB-44B7EDDA89BF}.Release|Any CPU.Build.0 = Release|Any CPU
		{68087E5F-BA35-43F6-89BF-946B8BECC9E2}.Debug|Any CPU.ActiveCfg = Debug|Any CPU
		{68087E5F-BA35-43F6-89BF-946B8BECC9E2}.Debug|Any CPU.Build.0 = Debug|Any CPU
		{68087E5F-BA35-43F6-89BF-946B8BECC9E2}.Release|Any CPU.ActiveCfg = Release|Any CPU
		{68087E5F-BA35-43F6-89BF-946B8BECC9E2}.Release|Any CPU.Build.0 = Release|Any CPU
	EndGlobalSection
	GlobalSection(SolutionProperties) = preSolution
		HideSolutionNode = FALSE
	EndGlobalSection
EndGlobal
